// !$*UTF8*$!
{
	archiveVersion = 1;
	classes = {
	};
	objectVersion = 50;
	objects = {

/* Begin PBXBuildFile section */
		F20652CF225CCBED00984360 /* AppDelegate.swift in Sources */ = {isa = PBXBuildFile; fileRef = F20652CE225CCBED00984360 /* AppDelegate.swift */; };
		F20652D1225CCBED00984360 /* ViewController.swift in Sources */ = {isa = PBXBuildFile; fileRef = F20652D0225CCBED00984360 /* ViewController.swift */; };
		F20652D4225CCBED00984360 /* Main.storyboard in Resources */ = {isa = PBXBuildFile; fileRef = F20652D2225CCBED00984360 /* Main.storyboard */; };
		F20652D6225CCBEE00984360 /* Assets.xcassets in Resources */ = {isa = PBXBuildFile; fileRef = F20652D5225CCBEE00984360 /* Assets.xcassets */; };
		F20652D9225CCBEE00984360 /* LaunchScreen.storyboard in Resources */ = {isa = PBXBuildFile; fileRef = F20652D7225CCBEE00984360 /* LaunchScreen.storyboard */; };
		F20652E4225CCBEE00984360 /* Hobby_TutorialTests.swift in Sources */ = {isa = PBXBuildFile; fileRef = F20652E3225CCBEE00984360 /* Hobby_TutorialTests.swift */; };
		F20652EF225CCBEE00984360 /* Hobby_TutorialUITests.swift in Sources */ = {isa = PBXBuildFile; fileRef = F20652EE225CCBEE00984360 /* Hobby_TutorialUITests.swift */; };
/* End PBXBuildFile section */

/* Begin PBXContainerItemProxy section */
		F20652E0225CCBEE00984360 /* PBXContainerItemProxy */ = {
			isa = PBXContainerItemProxy;
			containerPortal = F20652C3225CCBED00984360 /* Project object */;
			proxyType = 1;
			remoteGlobalIDString = F20652CA225CCBED00984360;
			remoteInfo = "Hobby Tutorial";
		};
		F20652EB225CCBEE00984360 /* PBXContainerItemProxy */ = {
			isa = PBXContainerItemProxy;
			containerPortal = F20652C3225CCBED00984360 /* Project object */;
			proxyType = 1;
			remoteGlobalIDString = F20652CA225CCBED00984360;
			remoteInfo = "Hobby Tutorial";
		};
/* End PBXContainerItemProxy section */

/* Begin PBXFileReference section */
		F20652CB225CCBED00984360 /* Hobby Tutorial.app */ = {isa = PBXFileReference; explicitFileType = wrapper.application; includeInIndex = 0; path = "Hobby Tutorial.app"; sourceTree = BUILT_PRODUCTS_DIR; };
		F20652CE225CCBED00984360 /* AppDelegate.swift */ = {isa = PBXFileReference; lastKnownFileType = sourcecode.swift; path = AppDelegate.swift; sourceTree = "<group>"; };
		F20652D0225CCBED00984360 /* ViewController.swift */ = {isa = PBXFileReference; lastKnownFileType = sourcecode.swift; path = ViewController.swift; sourceTree = "<group>"; };
		F20652D3225CCBED00984360 /* Base */ = {isa = PBXFileReference; lastKnownFileType = file.storyboard; name = Base; path = Base.lproj/Main.storyboard; sourceTree = "<group>"; };
		F20652D5225CCBEE00984360 /* Assets.xcassets */ = {isa = PBXFileReference; lastKnownFileType = folder.assetcatalog; path = Assets.xcassets; sourceTree = "<group>"; };
		F20652D8225CCBEE00984360 /* Base */ = {isa = PBXFileReference; lastKnownFileType = file.storyboard; name = Base; path = Base.lproj/LaunchScreen.storyboard; sourceTree = "<group>"; };
		F20652DA225CCBEE00984360 /* Info.plist */ = {isa = PBXFileReference; lastKnownFileType = text.plist.xml; path = Info.plist; sourceTree = "<group>"; };
		F20652DF225CCBEE00984360 /* Hobby TutorialTests.xctest */ = {isa = PBXFileReference; explicitFileType = wrapper.cfbundle; includeInIndex = 0; path = "Hobby TutorialTests.xctest"; sourceTree = BUILT_PRODUCTS_DIR; };
		F20652E3225CCBEE00984360 /* Hobby_TutorialTests.swift */ = {isa = PBXFileReference; lastKnownFileType = sourcecode.swift; path = Hobby_TutorialTests.swift; sourceTree = "<group>"; };
		F20652E5225CCBEE00984360 /* Info.plist */ = {isa = PBXFileReference; lastKnownFileType = text.plist.xml; path = Info.plist; sourceTree = "<group>"; };
		F20652EA225CCBEE00984360 /* Hobby TutorialUITests.xctest */ = {isa = PBXFileReference; explicitFileType = wrapper.cfbundle; includeInIndex = 0; path = "Hobby TutorialUITests.xctest"; sourceTree = BUILT_PRODUCTS_DIR; };
		F20652EE225CCBEE00984360 /* Hobby_TutorialUITests.swift */ = {isa = PBXFileReference; lastKnownFileType = sourcecode.swift; path = Hobby_TutorialUITests.swift; sourceTree = "<group>"; };
		F20652F0225CCBEE00984360 /* Info.plist */ = {isa = PBXFileReference; lastKnownFileType = text.plist.xml; path = Info.plist; sourceTree = "<group>"; };
/* End PBXFileReference section */

/* Begin PBXFrameworksBuildPhase section */
		F20652C8225CCBED00984360 /* Frameworks */ = {
			isa = PBXFrameworksBuildPhase;
			buildActionMask = 2147483647;
			files = (
			);
			runOnlyForDeploymentPostprocessing = 0;
		};
		F20652DC225CCBEE00984360 /* Frameworks */ = {
			isa = PBXFrameworksBuildPhase;
			buildActionMask = 2147483647;
			files = (
			);
			runOnlyForDeploymentPostprocessing = 0;
		};
		F20652E7225CCBEE00984360 /* Frameworks */ = {
			isa = PBXFrameworksBuildPhase;
			buildActionMask = 2147483647;
			files = (
			);
			runOnlyForDeploymentPostprocessing = 0;
		};
/* End PBXFrameworksBuildPhase section */

/* Begin PBXGroup section */
		F20652C2225CCBED00984360 = {
			isa = PBXGroup;
			children = (
				F20652CD225CCBED00984360 /* Hobby Tutorial */,
				F20652E2225CCBEE00984360 /* Hobby TutorialTests */,
				F20652ED225CCBEE00984360 /* Hobby TutorialUITests */,
				F20652CC225CCBED00984360 /* Products */,
			);
			sourceTree = "<group>";
		};
		F20652CC225CCBED00984360 /* Products */ = {
			isa = PBXGroup;
			children = (
				F20652CB225CCBED00984360 /* Hobby Tutorial.app */,
				F20652DF225CCBEE00984360 /* Hobby TutorialTests.xctest */,
				F20652EA225CCBEE00984360 /* Hobby TutorialUITests.xctest */,
			);
			name = Products;
			sourceTree = "<group>";
		};
		F20652CD225CCBED00984360 /* Hobby Tutorial */ = {
			isa = PBXGroup;
			children = (
				F20652CE225CCBED00984360 /* AppDelegate.swift */,
				F20652D0225CCBED00984360 /* ViewController.swift */,
				F20652D2225CCBED00984360 /* Main.storyboard */,
				F20652D5225CCBEE00984360 /* Assets.xcassets */,
				F20652D7225CCBEE00984360 /* LaunchScreen.storyboard */,
				F20652DA225CCBEE00984360 /* Info.plist */,
			);
			path = "Hobby Tutorial";
			sourceTree = "<group>";
		};
		F20652E2225CCBEE00984360 /* Hobby TutorialTests */ = {
			isa = PBXGroup;
			children = (
				F20652E3225CCBEE00984360 /* Hobby_TutorialTests.swift */,
				F20652E5225CCBEE00984360 /* Info.plist */,
			);
			path = "Hobby TutorialTests";
			sourceTree = "<group>";
		};
		F20652ED225CCBEE00984360 /* Hobby TutorialUITests */ = {
			isa = PBXGroup;
			children = (
				F20652EE225CCBEE00984360 /* Hobby_TutorialUITests.swift */,
				F20652F0225CCBEE00984360 /* Info.plist */,
			);
			path = "Hobby TutorialUITests";
			sourceTree = "<group>";
		};
/* End PBXGroup section */

/* Begin PBXNativeTarget section */
		F20652CA225CCBED00984360 /* Hobby Tutorial */ = {
			isa = PBXNativeTarget;
			buildConfigurationList = F20652F3225CCBEE00984360 /* Build configuration list for PBXNativeTarget "Hobby Tutorial" */;
			buildPhases = (
				F20652C7225CCBED00984360 /* Sources */,
				F20652C8225CCBED00984360 /* Frameworks */,
				F20652C9225CCBED00984360 /* Resources */,
			);
			buildRules = (
			);
			dependencies = (
			);
			name = "Hobby Tutorial";
			productName = "Hobby Tutorial";
			productReference = F20652CB225CCBED00984360 /* Hobby Tutorial.app */;
			productType = "com.apple.product-type.application";
		};
		F20652DE225CCBEE00984360 /* Hobby TutorialTests */ = {
			isa = PBXNativeTarget;
			buildConfigurationList = F20652F6225CCBEE00984360 /* Build configuration list for PBXNativeTarget "Hobby TutorialTests" */;
			buildPhases = (
				F20652DB225CCBEE00984360 /* Sources */,
				F20652DC225CCBEE00984360 /* Frameworks */,
				F20652DD225CCBEE00984360 /* Resources */,
			);
			buildRules = (
			);
			dependencies = (
				F20652E1225CCBEE00984360 /* PBXTargetDependency */,
			);
			name = "Hobby TutorialTests";
			productName = "Hobby TutorialTests";
			productReference = F20652DF225CCBEE00984360 /* Hobby TutorialTests.xctest */;
			productType = "com.apple.product-type.bundle.unit-test";
		};
		F20652E9225CCBEE00984360 /* Hobby TutorialUITests */ = {
			isa = PBXNativeTarget;
			buildConfigurationList = F20652F9225CCBEE00984360 /* Build configuration list for PBXNativeTarget "Hobby TutorialUITests" */;
			buildPhases = (
				F20652E6225CCBEE00984360 /* Sources */,
				F20652E7225CCBEE00984360 /* Frameworks */,
				F20652E8225CCBEE00984360 /* Resources */,
			);
			buildRules = (
			);
			dependencies = (
				F20652EC225CCBEE00984360 /* PBXTargetDependency */,
			);
			name = "Hobby TutorialUITests";
			productName = "Hobby TutorialUITests";
			productReference = F20652EA225CCBEE00984360 /* Hobby TutorialUITests.xctest */;
			productType = "com.apple.product-type.bundle.ui-testing";
		};
/* End PBXNativeTarget section */

/* Begin PBXProject section */
		F20652C3225CCBED00984360 /* Project object */ = {
			isa = PBXProject;
			attributes = {
				LastSwiftUpdateCheck = 1020;
				LastUpgradeCheck = 1020;
				ORGANIZATIONNAME = Student03;
				TargetAttributes = {
					F20652CA225CCBED00984360 = {
						CreatedOnToolsVersion = 10.2;
					};
					F20652DE225CCBEE00984360 = {
						CreatedOnToolsVersion = 10.2;
						TestTargetID = F20652CA225CCBED00984360;
					};
					F20652E9225CCBEE00984360 = {
						CreatedOnToolsVersion = 10.2;
						TestTargetID = F20652CA225CCBED00984360;
					};
				};
			};
			buildConfigurationList = F20652C6225CCBED00984360 /* Build configuration list for PBXProject "Hobby Tutorial" */;
			compatibilityVersion = "Xcode 9.3";
			developmentRegion = en;
			hasScannedForEncodings = 0;
			knownRegions = (
				en,
				Base,
			);
			mainGroup = F20652C2225CCBED00984360;
			productRefGroup = F20652CC225CCBED00984360 /* Products */;
			projectDirPath = "";
			projectRoot = "";
			targets = (
				F20652CA225CCBED00984360 /* Hobby Tutorial */,
				F20652DE225CCBEE00984360 /* Hobby TutorialTests */,
				F20652E9225CCBEE00984360 /* Hobby TutorialUITests */,
			);
		};
/* End PBXProject section */

/* Begin PBXResourcesBuildPhase section */
		F20652C9225CCBED00984360 /* Resources */ = {
			isa = PBXResourcesBuildPhase;
			buildActionMask = 2147483647;
			files = (
				F20652D9225CCBEE00984360 /* LaunchScreen.storyboard in Resources */,
				F20652D6225CCBEE00984360 /* Assets.xcassets in Resources */,
				F20652D4225CCBED00984360 /* Main.storyboard in Resources */,
			);
			runOnlyForDeploymentPostprocessing = 0;
		};
		F20652DD225CCBEE00984360 /* Resources */ = {
			isa = PBXResourcesBuildPhase;
			buildActionMask = 2147483647;
			files = (
			);
			runOnlyForDeploymentPostprocessing = 0;
		};
		F20652E8225CCBEE00984360 /* Resources */ = {
			isa = PBXResourcesBuildPhase;
			buildActionMask = 2147483647;
			files = (
			);
			runOnlyForDeploymentPostprocessing = 0;
		};
/* End PBXResourcesBuildPhase section */

/* Begin PBXSourcesBuildPhase section */
		F20652C7225CCBED00984360 /* Sources */ = {
			isa = PBXSourcesBuildPhase;
			buildActionMask = 2147483647;
			files = (
				F20652D1225CCBED00984360 /* ViewController.swift in Sources */,
				F20652CF225CCBED00984360 /* AppDelegate.swift in Sources */,
			);
			runOnlyForDeploymentPostprocessing = 0;
		};
		F20652DB225CCBEE00984360 /* Sources */ = {
			isa = PBXSourcesBuildPhase;
			buildActionMask = 2147483647;
			files = (
				F20652E4225CCBEE00984360 /* Hobby_TutorialTests.swift in Sources */,
			);
			runOnlyForDeploymentPostprocessing = 0;
		};
		F20652E6225CCBEE00984360 /* Sources */ = {
			isa = PBXSourcesBuildPhase;
			buildActionMask = 2147483647;
			files = (
				F20652EF225CCBEE00984360 /* Hobby_TutorialUITests.swift in Sources */,
			);
			runOnlyForDeploymentPostprocessing = 0;
		};
/* End PBXSourcesBuildPhase section */

/* Begin PBXTargetDependency section */
		F20652E1225CCBEE00984360 /* PBXTargetDependency */ = {
			isa = PBXTargetDependency;
			target = F20652CA225CCBED00984360 /* Hobby Tutorial */;
			targetProxy = F20652E0225CCBEE00984360 /* PBXContainerItemProxy */;
		};
		F20652EC225CCBEE00984360 /* PBXTargetDependency */ = {
			isa = PBXTargetDependency;
			target = F20652CA225CCBED00984360 /* Hobby Tutorial */;
			targetProxy = F20652EB225CCBEE00984360 /* PBXContainerItemProxy */;
		};
/* End PBXTargetDependency section */

/* Begin PBXVariantGroup section */
		F20652D2225CCBED00984360 /* Main.storyboard */ = {
			isa = PBXVariantGroup;
			children = (
				F20652D3225CCBED00984360 /* Base */,
			);
			name = Main.storyboard;
			sourceTree = "<group>";
		};
		F20652D7225CCBEE00984360 /* LaunchScreen.storyboard */ = {
			isa = PBXVariantGroup;
			children = (
				F20652D8225CCBEE00984360 /* Base */,
			);
			name = LaunchScreen.storyboard;
			sourceTree = "<group>";
		};
/* End PBXVariantGroup section */

/* Begin XCBuildConfiguration section */
		F20652F1225CCBEE00984360 /* Debug */ = {
			isa = XCBuildConfiguration;
			buildSettings = {
				ALWAYS_SEARCH_USER_PATHS = NO;
				CLANG_ANALYZER_NONNULL = YES;
				CLANG_ANALYZER_NUMBER_OBJECT_CONVERSION = YES_AGGRESSIVE;
				CLANG_CXX_LANGUAGE_STANDARD = "gnu++14";
				CLANG_CXX_LIBRARY = "libc++";
				CLANG_ENABLE_MODULES = YES;
				CLANG_ENABLE_OBJC_ARC = YES;
				CLANG_ENABLE_OBJC_WEAK = YES;
				CLANG_WARN_BLOCK_CAPTURE_AUTORELEASING = YES;
				CLANG_WARN_BOOL_CONVERSION = YES;
				CLANG_WARN_COMMA = YES;
				CLANG_WARN_CONSTANT_CONVERSION = YES;
				CLANG_WARN_DEPRECATED_OBJC_IMPLEMENTATIONS = YES;
				CLANG_WARN_DIRECT_OBJC_ISA_USAGE = YES_ERROR;
				CLANG_WARN_DOCUMENTATION_COMMENTS = YES;
				CLANG_WARN_EMPTY_BODY = YES;
				CLANG_WARN_ENUM_CONVERSION = YES;
				CLANG_WARN_INFINITE_RECURSION = YES;
				CLANG_WARN_INT_CONVERSION = YES;
				CLANG_WARN_NON_LITERAL_NULL_CONVERSION = YES;
				CLANG_WARN_OBJC_IMPLICIT_RETAIN_SELF = YES;
				CLANG_WARN_OBJC_LITERAL_CONVERSION = YES;
				CLANG_WARN_OBJC_ROOT_CLASS = YES_ERROR;
				CLANG_WARN_RANGE_LOOP_ANALYSIS = YES;
				CLANG_WARN_STRICT_PROTOTYPES = YES;
				CLANG_WARN_SUSPICIOUS_MOVE = YES;
				CLANG_WARN_UNGUARDED_AVAILABILITY = YES_AGGRESSIVE;
				CLANG_WARN_UNREACHABLE_CODE = YES;
				CLANG_WARN__DUPLICATE_METHOD_MATCH = YES;
				CODE_SIGN_IDENTITY = "iPhone Developer";
				COPY_PHASE_STRIP = NO;
				DEBUG_INFORMATION_FORMAT = dwarf;
				ENABLE_STRICT_OBJC_MSGSEND = YES;
				ENABLE_TESTABILITY = YES;
				GCC_C_LANGUAGE_STANDARD = gnu11;
				GCC_DYNAMIC_NO_PIC = NO;
				GCC_NO_COMMON_BLOCKS = YES;
				GCC_OPTIMIZATION_LEVEL = 0;
				GCC_PREPROCESSOR_DEFINITIONS = (
					"DEBUG=1",
					"$(inherited)",
				);
				GCC_WARN_64_TO_32_BIT_CONVERSION = YES;
				GCC_WARN_ABOUT_RETURN_TYPE = YES_ERROR;
				GCC_WARN_UNDECLARED_SELECTOR = YES;
				GCC_WARN_UNINITIALIZED_AUTOS = YES_AGGRESSIVE;
				GCC_WARN_UNUSED_FUNCTION = YES;
				GCC_WARN_UNUSED_VARIABLE = YES;
				IPHONEOS_DEPLOYMENT_TARGET = 12.2;
				MTL_ENABLE_DEBUG_INFO = INCLUDE_SOURCE;
				MTL_FAST_MATH = YES;
				ONLY_ACTIVE_ARCH = YES;
				SDKROOT = iphoneos;
				SWIFT_ACTIVE_COMPILATION_CONDITIONS = DEBUG;
				SWIFT_OPTIMIZATION_LEVEL = "-Onone";
			};
			name = Debug;
		};
		F20652F2225CCBEE00984360 /* Release */ = {
			isa = XCBuildConfiguration;
			buildSettings = {
				ALWAYS_SEARCH_USER_PATHS = NO;
				CLANG_ANALYZER_NONNULL = YES;
				CLANG_ANALYZER_NUMBER_OBJECT_CONVERSION = YES_AGGRESSIVE;
				CLANG_CXX_LANGUAGE_STANDARD = "gnu++14";
				CLANG_CXX_LIBRARY = "libc++";
				CLANG_ENABLE_MODULES = YES;
				CLANG_ENABLE_OBJC_ARC = YES;
				CLANG_ENABLE_OBJC_WEAK = YES;
				CLANG_WARN_BLOCK_CAPTURE_AUTORELEASING = YES;
				CLANG_WARN_BOOL_CONVERSION = YES;
				CLANG_WARN_COMMA = YES;
				CLANG_WARN_CONSTANT_CONVERSION = YES;
				CLANG_WARN_DEPRECATED_OBJC_IMPLEMENTATIONS = YES;
				CLANG_WARN_DIRECT_OBJC_ISA_USAGE = YES_ERROR;
				CLANG_WARN_DOCUMENTATION_COMMENTS = YES;
				CLANG_WARN_EMPTY_BODY = YES;
				CLANG_WARN_ENUM_CONVERSION = YES;
				CLANG_WARN_INFINITE_RECURSION = YES;
				CLANG_WARN_INT_CONVERSION = YES;
				CLANG_WARN_NON_LITERAL_NULL_CONVERSION = YES;
				CLANG_WARN_OBJC_IMPLICIT_RETAIN_SELF = YES;
				CLANG_WARN_OBJC_LITERAL_CONVERSION = YES;
				CLANG_WARN_OBJC_ROOT_CLASS = YES_ERROR;
				CLANG_WARN_RANGE_LOOP_ANALYSIS = YES;
				CLANG_WARN_STRICT_PROTOTYPES = YES;
				CLANG_WARN_SUSPICIOUS_MOVE = YES;
				CLANG_WARN_UNGUARDED_AVAILABILITY = YES_AGGRESSIVE;
				CLANG_WARN_UNREACHABLE_CODE = YES;
				CLANG_WARN__DUPLICATE_METHOD_MATCH = YES;
				CODE_SIGN_IDENTITY = "iPhone Developer";
				COPY_PHASE_STRIP = NO;
				DEBUG_INFORMATION_FORMAT = "dwarf-with-dsym";
				ENABLE_NS_ASSERTIONS = NO;
				ENABLE_STRICT_OBJC_MSGSEND = YES;
				GCC_C_LANGUAGE_STANDARD = gnu11;
				GCC_NO_COMMON_BLOCKS = YES;
				GCC_WARN_64_TO_32_BIT_CONVERSION = YES;
				GCC_WARN_ABOUT_RETURN_TYPE = YES_ERROR;
				GCC_WARN_UNDECLARED_SELECTOR = YES;
				GCC_WARN_UNINITIALIZED_AUTOS = YES_AGGRESSIVE;
				GCC_WARN_UNUSED_FUNCTION = YES;
				GCC_WARN_UNUSED_VARIABLE = YES;
				IPHONEOS_DEPLOYMENT_TARGET = 12.2;
				MTL_ENABLE_DEBUG_INFO = NO;
				MTL_FAST_MATH = YES;
				SDKROOT = iphoneos;
				SWIFT_COMPILATION_MODE = wholemodule;
				SWIFT_OPTIMIZATION_LEVEL = "-O";
				VALIDATE_PRODUCT = YES;
			};
			name = Release;
		};
		F20652F4225CCBEE00984360 /* Debug */ = {
			isa = XCBuildConfiguration;
			buildSettings = {
				ASSETCATALOG_COMPILER_APPICON_NAME = AppIcon;
				CODE_SIGN_STYLE = Automatic;
				DEVELOPMENT_TEAM = 5GUBFZ62ZW;
				INFOPLIST_FILE = "Hobby Tutorial/Info.plist";
				LD_RUNPATH_SEARCH_PATHS = (
					"$(inherited)",
					"@executable_path/Frameworks",
				);
				PRODUCT_BUNDLE_IDENTIFIER = "meadowvale.Hobby-Tutorial";
				PRODUCT_NAME = "$(TARGET_NAME)";
				SWIFT_VERSION = 5.0;
				TARGETED_DEVICE_FAMILY = "1,2";
			};
			name = Debug;
		};
		F20652F5225CCBEE00984360 /* Release */ = {
			isa = XCBuildConfiguration;
			buildSettings = {
				ASSETCATALOG_COMPILER_APPICON_NAME = AppIcon;
				CODE_SIGN_STYLE = Automatic;
				DEVELOPMENT_TEAM = 5GUBFZ62ZW;
				INFOPLIST_FILE = "Hobby Tutorial/Info.plist";
				LD_RUNPATH_SEARCH_PATHS = (
					"$(inherited)",
					"@executable_path/Frameworks",
				);
				PRODUCT_BUNDLE_IDENTIFIER = "meadowvale.Hobby-Tutorial";
				PRODUCT_NAME = "$(TARGET_NAME)";
				SWIFT_VERSION = 5.0;
				TARGETED_DEVICE_FAMILY = "1,2";
			};
			name = Release;
		};
		F20652F7225CCBEE00984360 /* Debug */ = {
			isa = XCBuildConfiguration;
			buildSettings = {
				ALWAYS_EMBED_SWIFT_STANDARD_LIBRARIES = YES;
				BUNDLE_LOADER = "$(TEST_HOST)";
				CODE_SIGN_STYLE = Automatic;
				DEVELOPMENT_TEAM = 5GUBFZ62ZW;
				INFOPLIST_FILE = "Hobby TutorialTests/Info.plist";
				LD_RUNPATH_SEARCH_PATHS = (
					"$(inherited)",
					"@executable_path/Frameworks",
					"@loader_path/Frameworks",
				);
				PRODUCT_BUNDLE_IDENTIFIER = "meadowvale.Hobby-TutorialTests";
				PRODUCT_NAME = "$(TARGET_NAME)";
				SWIFT_VERSION = 5.0;
				TARGETED_DEVICE_FAMILY = "1,2";
				TEST_HOST = "$(BUILT_PRODUCTS_DIR)/Hobby Tutorial.app/Hobby Tutorial";
			};
			name = Debug;
		};
		F20652F8225CCBEE00984360 /* Release */ = {
			isa = XCBuildConfiguration;
			buildSettings = {
				ALWAYS_EMBED_SWIFT_STANDARD_LIBRARIES = YES;
				BUNDLE_LOADER = "$(TEST_HOST)";
				CODE_SIGN_STYLE = Automatic;
				DEVELOPMENT_TEAM = 5GUBFZ62ZW;
				INFOPLIST_FILE = "Hobby TutorialTests/Info.plist";
				LD_RUNPATH_SEARCH_PATHS = (
					"$(inherited)",
					"@executable_path/Frameworks",
					"@loader_path/Frameworks",
				);
				PRODUCT_BUNDLE_IDENTIFIER = "meadowvale.Hobby-TutorialTests";
				PRODUCT_NAME = "$(TARGET_NAME)";
				SWIFT_VERSION = 5.0;
				TARGETED_DEVICE_FAMILY = "1,2";
				TEST_HOST = "$(BUILT_PRODUCTS_DIR)/Hobby Tutorial.app/Hobby Tutorial";
			};
			name = Release;
		};
		F20652FA225CCBEE00984360 /* Debug */ = {
			isa = XCBuildConfiguration;
			buildSettings = {
				ALWAYS_EMBED_SWIFT_STANDARD_LIBRARIES = YES;
				CODE_SIGN_STYLE = Automatic;
				DEVELOPMENT_TEAM = 5GUBFZ62ZW;
				INFOPLIST_FILE = "Hobby TutorialUITests/Info.plist";
				LD_RUNPATH_SEARCH_PATHS = (
					"$(inherited)",
					"@executable_path/Frameworks",
					"@loader_path/Frameworks",
				);
				PRODUCT_BUNDLE_IDENTIFIER = "meadowvale.Hobby-TutorialUITests";
				PRODUCT_NAME = "$(TARGET_NAME)";
				SWIFT_VERSION = 5.0;
				TARGETED_DEVICE_FAMILY = "1,2";
				TEST_TARGET_NAME = "Hobby Tutorial";
			};
			name = Debug;
		};
		F20652FB225CCBEE00984360 /* Release */ = {
			isa = XCBuildConfiguration;
			buildSettings = {
				ALWAYS_EMBED_SWIFT_STANDARD_LIBRARIES = YES;
				CODE_SIGN_STYLE = Automatic;
				DEVELOPMENT_TEAM = 5GUBFZ62ZW;
				INFOPLIST_FILE = "Hobby TutorialUITests/Info.plist";
				LD_RUNPATH_SEARCH_PATHS = (
					"$(inherited)",
					"@executable_path/Frameworks",
					"@loader_path/Frameworks",
				);
				PRODUCT_BUNDLE_IDENTIFIER = "meadowvale.Hobby-TutorialUITests";
				PRODUCT_NAME = "$(TARGET_NAME)";
				SWIFT_VERSION = 5.0;
				TARGETED_DEVICE_FAMILY = "1,2";
				TEST_TARGET_NAME = "Hobby Tutorial";
			};
			name = Release;
		};
/* End XCBuildConfiguration section */

/* Begin XCConfigurationList section */
		F20652C6225CCBED00984360 /* Build configuration list for PBXProject "Hobby Tutorial" */ = {
			isa = XCConfigurationList;
			buildConfigurations = (
				F20652F1225CCBEE00984360 /* Debug */,
				F20652F2225CCBEE00984360 /* Release */,
			);
			defaultConfigurationIsVisible = 0;
			defaultConfigurationName = Release;
		};
		F20652F3225CCBEE00984360 /* Build configuration list for PBXNativeTarget "Hobby Tutorial" */ = {
			isa = XCConfigurationList;
			buildConfigurations = (
				F20652F4225CCBEE00984360 /* Debug */,
				F20652F5225CCBEE00984360 /* Release */,
			);
			defaultConfigurationIsVisible = 0;
			defaultConfigurationName = Release;
		};
		F20652F6225CCBEE00984360 /* Build configuration list for PBXNativeTarget "Hobby TutorialTests" */ = {
			isa = XCConfigurationList;
			buildConfigurations = (
				F20652F7225CCBEE00984360 /* Debug */,
				F20652F8225CCBEE00984360 /* Release */,
			);
			defaultConfigurationIsVisible = 0;
			defaultConfigurationName = Release;
		};
		F20652F9225CCBEE00984360 /* Build configuration list for PBXNativeTarget "Hobby TutorialUITests" */ = {
			isa = XCConfigurationList;
			buildConfigurations = (
				F20652FA225CCBEE00984360 /* Debug */,
				F20652FB225CCBEE00984360 /* Release */,
			);
			defaultConfigurationIsVisible = 0;
			defaultConfigurationName = Release;
		};
/* End XCConfigurationList section */
	};
	rootObject = F20652C3225CCBED00984360 /* Project object */;
}
